// !$*UTF8*$!
{
	archiveVersion = 1;
	classes = {
	};
	objectVersion = 46;
	objects = {

/* Begin PBXBuildFile section */
		4A312B416C764D5AAB0DD5C3 /* libPods.a in Frameworks */ = {isa = PBXBuildFile; fileRef = 071F4815E4474C30B23B1E67 /* libPods.a */; };
		770D360B191E27D10000B949 /* Foundation.framework in Frameworks */ = {isa = PBXBuildFile; fileRef = 770D360A191E27D10000B949 /* Foundation.framework */; };
		770D360D191E27D10000B949 /* CoreGraphics.framework in Frameworks */ = {isa = PBXBuildFile; fileRef = 770D360C191E27D10000B949 /* CoreGraphics.framework */; };
		770D360F191E27D10000B949 /* UIKit.framework in Frameworks */ = {isa = PBXBuildFile; fileRef = 770D360E191E27D10000B949 /* UIKit.framework */; };
		770D3615191E27D10000B949 /* InfoPlist.strings in Resources */ = {isa = PBXBuildFile; fileRef = 770D3613191E27D10000B949 /* InfoPlist.strings */; };
		770D3617191E27D10000B949 /* main.m in Sources */ = {isa = PBXBuildFile; fileRef = 770D3616191E27D10000B949 /* main.m */; };
		770D361B191E27D10000B949 /* PAAppDelegate.m in Sources */ = {isa = PBXBuildFile; fileRef = 770D361A191E27D10000B949 /* PAAppDelegate.m */; };
		770D361D191E27D10000B949 /* Images.xcassets in Resources */ = {isa = PBXBuildFile; fileRef = 770D361C191E27D10000B949 /* Images.xcassets */; };
		770D3624191E27D10000B949 /* XCTest.framework in Frameworks */ = {isa = PBXBuildFile; fileRef = 770D3623191E27D10000B949 /* XCTest.framework */; };
		770D3625191E27D10000B949 /* Foundation.framework in Frameworks */ = {isa = PBXBuildFile; fileRef = 770D360A191E27D10000B949 /* Foundation.framework */; };
		770D3626191E27D10000B949 /* UIKit.framework in Frameworks */ = {isa = PBXBuildFile; fileRef = 770D360E191E27D10000B949 /* UIKit.framework */; };
		770D362E191E27D10000B949 /* InfoPlist.strings in Resources */ = {isa = PBXBuildFile; fileRef = 770D362C191E27D10000B949 /* InfoPlist.strings */; };
		770D3630191E27D10000B949 /* PhotoAtTests.m in Sources */ = {isa = PBXBuildFile; fileRef = 770D362F191E27D10000B949 /* PhotoAtTests.m */; };
		770D3643191E28C80000B949 /* PABaseNavigationViewController.m in Sources */ = {isa = PBXBuildFile; fileRef = 770D3642191E28C80000B949 /* PABaseNavigationViewController.m */; };
		770D3646191E292D0000B949 /* Util.m in Sources */ = {isa = PBXBuildFile; fileRef = 770D3645191E292D0000B949 /* Util.m */; };
		770D364C191E2A4D0000B949 /* PABaseViewController.m in Sources */ = {isa = PBXBuildFile; fileRef = 770D364B191E2A4D0000B949 /* PABaseViewController.m */; };
		770D3652191E2BB80000B949 /* PASideMenuContainerViewController.m in Sources */ = {isa = PBXBuildFile; fileRef = 770D3651191E2BB80000B949 /* PASideMenuContainerViewController.m */; };
		770D3655191E2C580000B949 /* PAHomeViewController.m in Sources */ = {isa = PBXBuildFile; fileRef = 770D3654191E2C580000B949 /* PAHomeViewController.m */; };
		770D3658191E2CB90000B949 /* PAProfileViewController.m in Sources */ = {isa = PBXBuildFile; fileRef = 770D3657191E2CB90000B949 /* PAProfileViewController.m */; };
		770D365B191E2DCF0000B949 /* PASettingsViewController.m in Sources */ = {isa = PBXBuildFile; fileRef = 770D365A191E2DCF0000B949 /* PASettingsViewController.m */; };
		770D365E191E2DE10000B949 /* PACheckInViewController.m in Sources */ = {isa = PBXBuildFile; fileRef = 770D365D191E2DE10000B949 /* PACheckInViewController.m */; };
		770D3662191E30860000B949 /* PAMenuHeaderView.m in Sources */ = {isa = PBXBuildFile; fileRef = 770D3661191E30860000B949 /* PAMenuHeaderView.m */; };
		775AB6D519994322002BC1DD /* QuartzCore.framework in Frameworks */ = {isa = PBXBuildFile; fileRef = 775AB6D419994322002BC1DD /* QuartzCore.framework */; };
		775AB6D71999432B002BC1DD /* CoreLocation.framework in Frameworks */ = {isa = PBXBuildFile; fileRef = 775AB6D61999432B002BC1DD /* CoreLocation.framework */; };
		77972D5E19993875005E43A0 /* PAProfileCell.m in Sources */ = {isa = PBXBuildFile; fileRef = 77972D5D19993875005E43A0 /* PAProfileCell.m */; };
		77972D61199939CD005E43A0 /* PAMapViewViewController.m in Sources */ = {isa = PBXBuildFile; fileRef = 77972D60199939CD005E43A0 /* PAMapViewViewController.m */; };
		77D3658D191EC300006B07F3 /* PAMenuItem.m in Sources */ = {isa = PBXBuildFile; fileRef = 77D3658C191EC300006B07F3 /* PAMenuItem.m */; };
		77D36591191EC4C5006B07F3 /* avenir_medium.ttf in Resources */ = {isa = PBXBuildFile; fileRef = 77D3658F191EC4C5006B07F3 /* avenir_medium.ttf */; };
		77D36592191EC4C5006B07F3 /* menuItems.json in Resources */ = {isa = PBXBuildFile; fileRef = 77D36590191EC4C5006B07F3 /* menuItems.json */; };
		77D36596191EC58F006B07F3 /* PAMenuItemTableViewCell.m in Sources */ = {isa = PBXBuildFile; fileRef = 77D36595191EC58F006B07F3 /* PAMenuItemTableViewCell.m */; };
		77D36599191EDD7D006B07F3 /* PALogInViewViewController.m in Sources */ = {isa = PBXBuildFile; fileRef = 77D36598191EDD7D006B07F3 /* PALogInViewViewController.m */; };
		77D3659D191EE1FB006B07F3 /* PAFacebookManager.m in Sources */ = {isa = PBXBuildFile; fileRef = 77D3659C191EE1FB006B07F3 /* PAFacebookManager.m */; };
		77D365A2191EF1AC006B07F3 /* PAServiceProvider.m in Sources */ = {isa = PBXBuildFile; fileRef = 77D365A1191EF1AC006B07F3 /* PAServiceProvider.m */; };
		77D7458E1998186300F4A488 /* MapKit.framework in Frameworks */ = {isa = PBXBuildFile; fileRef = 77D7458D1998186300F4A488 /* MapKit.framework */; };
		77D7459119983C8A00F4A488 /* Model.xcdatamodeld in Sources */ = {isa = PBXBuildFile; fileRef = 77D7458F19983C8A00F4A488 /* Model.xcdatamodeld */; };
		77D941FC1997860B005FB909 /* CustomRatingView.m in Sources */ = {isa = PBXBuildFile; fileRef = 77D941FB1997860B005FB909 /* CustomRatingView.m */; };
		77D941FF1997886E005FB909 /* PAParseManager.m in Sources */ = {isa = PBXBuildFile; fileRef = 77D941FE1997886E005FB909 /* PAParseManager.m */; };
		77D9420219979F02005FB909 /* PAPlaceCell.m in Sources */ = {isa = PBXBuildFile; fileRef = 77D9420119979F02005FB909 /* PAPlaceCell.m */; };
		77D942061997B93E005FB909 /* PASinglePlaceViewController.m in Sources */ = {isa = PBXBuildFile; fileRef = 77D942051997B93E005FB909 /* PASinglePlaceViewController.m */; };
		77E147A319B24B41001F8680 /* SavedCheckIns.m in Sources */ = {isa = PBXBuildFile; fileRef = 77E147A219B24B41001F8680 /* SavedCheckIns.m */; };
/* End PBXBuildFile section */

/* Begin PBXContainerItemProxy section */
		770D3627191E27D10000B949 /* PBXContainerItemProxy */ = {
			isa = PBXContainerItemProxy;
			containerPortal = 770D35FF191E27D10000B949 /* Project object */;
			proxyType = 1;
			remoteGlobalIDString = 770D3606191E27D10000B949;
			remoteInfo = PhotoAt;
		};
/* End PBXContainerItemProxy section */

/* Begin PBXFileReference section */
		071F4815E4474C30B23B1E67 /* libPods.a */ = {isa = PBXFileReference; explicitFileType = archive.ar; includeInIndex = 0; path = libPods.a; sourceTree = BUILT_PRODUCTS_DIR; };
		770D3607191E27D10000B949 /* PhotoAt.app */ = {isa = PBXFileReference; explicitFileType = wrapper.application; includeInIndex = 0; path = PhotoAt.app; sourceTree = BUILT_PRODUCTS_DIR; };
		770D360A191E27D10000B949 /* Foundation.framework */ = {isa = PBXFileReference; lastKnownFileType = wrapper.framework; name = Foundation.framework; path = System/Library/Frameworks/Foundation.framework; sourceTree = SDKROOT; };
		770D360C191E27D10000B949 /* CoreGraphics.framework */ = {isa = PBXFileReference; lastKnownFileType = wrapper.framework; name = CoreGraphics.framework; path = System/Library/Frameworks/CoreGraphics.framework; sourceTree = SDKROOT; };
		770D360E191E27D10000B949 /* UIKit.framework */ = {isa = PBXFileReference; lastKnownFileType = wrapper.framework; name = UIKit.framework; path = System/Library/Frameworks/UIKit.framework; sourceTree = SDKROOT; };
		770D3612191E27D10000B949 /* PhotoAt-Info.plist */ = {isa = PBXFileReference; lastKnownFileType = text.plist.xml; path = "PhotoAt-Info.plist"; sourceTree = "<group>"; };
		770D3614191E27D10000B949 /* en */ = {isa = PBXFileReference; lastKnownFileType = text.plist.strings; name = en; path = en.lproj/InfoPlist.strings; sourceTree = "<group>"; };
		770D3616191E27D10000B949 /* main.m */ = {isa = PBXFileReference; lastKnownFileType = sourcecode.c.objc; path = main.m; sourceTree = "<group>"; };
		770D3618191E27D10000B949 /* PhotoAt-Prefix.pch */ = {isa = PBXFileReference; lastKnownFileType = sourcecode.c.h; path = "PhotoAt-Prefix.pch"; sourceTree = "<group>"; };
		770D3619191E27D10000B949 /* PAAppDelegate.h */ = {isa = PBXFileReference; lastKnownFileType = sourcecode.c.h; path = PAAppDelegate.h; sourceTree = "<group>"; };
		770D361A191E27D10000B949 /* PAAppDelegate.m */ = {isa = PBXFileReference; lastKnownFileType = sourcecode.c.objc; path = PAAppDelegate.m; sourceTree = "<group>"; };
		770D361C191E27D10000B949 /* Images.xcassets */ = {isa = PBXFileReference; lastKnownFileType = folder.assetcatalog; path = Images.xcassets; sourceTree = "<group>"; };
		770D3622191E27D10000B949 /* PhotoAtTests.xctest */ = {isa = PBXFileReference; explicitFileType = wrapper.cfbundle; includeInIndex = 0; path = PhotoAtTests.xctest; sourceTree = BUILT_PRODUCTS_DIR; };
		770D3623191E27D10000B949 /* XCTest.framework */ = {isa = PBXFileReference; lastKnownFileType = wrapper.framework; name = XCTest.framework; path = Library/Frameworks/XCTest.framework; sourceTree = DEVELOPER_DIR; };
		770D362B191E27D10000B949 /* PhotoAtTests-Info.plist */ = {isa = PBXFileReference; lastKnownFileType = text.plist.xml; path = "PhotoAtTests-Info.plist"; sourceTree = "<group>"; };
		770D362D191E27D10000B949 /* en */ = {isa = PBXFileReference; lastKnownFileType = text.plist.strings; name = en; path = en.lproj/InfoPlist.strings; sourceTree = "<group>"; };
		770D362F191E27D10000B949 /* PhotoAtTests.m */ = {isa = PBXFileReference; lastKnownFileType = sourcecode.c.objc; path = PhotoAtTests.m; sourceTree = "<group>"; };
		770D3641191E28C80000B949 /* PABaseNavigationViewController.h */ = {isa = PBXFileReference; fileEncoding = 4; lastKnownFileType = sourcecode.c.h; path = PABaseNavigationViewController.h; sourceTree = "<group>"; };
		770D3642191E28C80000B949 /* PABaseNavigationViewController.m */ = {isa = PBXFileReference; fileEncoding = 4; lastKnownFileType = sourcecode.c.objc; path = PABaseNavigationViewController.m; sourceTree = "<group>"; };
		770D3644191E292D0000B949 /* Util.h */ = {isa = PBXFileReference; fileEncoding = 4; lastKnownFileType = sourcecode.c.h; path = Util.h; sourceTree = "<group>"; };
		770D3645191E292D0000B949 /* Util.m */ = {isa = PBXFileReference; fileEncoding = 4; lastKnownFileType = sourcecode.c.objc; path = Util.m; sourceTree = "<group>"; };
		770D3647191E29C00000B949 /* Config.h */ = {isa = PBXFileReference; fileEncoding = 4; lastKnownFileType = sourcecode.c.h; path = Config.h; sourceTree = "<group>"; };
		770D364A191E2A4D0000B949 /* PABaseViewController.h */ = {isa = PBXFileReference; fileEncoding = 4; lastKnownFileType = sourcecode.c.h; path = PABaseViewController.h; sourceTree = "<group>"; };
		770D364B191E2A4D0000B949 /* PABaseViewController.m */ = {isa = PBXFileReference; fileEncoding = 4; lastKnownFileType = sourcecode.c.objc; path = PABaseViewController.m; sourceTree = "<group>"; };
		770D364D191E2AFB0000B949 /* Constants.h */ = {isa = PBXFileReference; fileEncoding = 4; lastKnownFileType = sourcecode.c.h; path = Constants.h; sourceTree = "<group>"; };
		770D3650191E2BB80000B949 /* PASideMenuContainerViewController.h */ = {isa = PBXFileReference; fileEncoding = 4; lastKnownFileType = sourcecode.c.h; path = PASideMenuContainerViewController.h; sourceTree = "<group>"; };
		770D3651191E2BB80000B949 /* PASideMenuContainerViewController.m */ = {isa = PBXFileReference; fileEncoding = 4; lastKnownFileType = sourcecode.c.objc; path = PASideMenuContainerViewController.m; sourceTree = "<group>"; };
		770D3653191E2C580000B949 /* PAHomeViewController.h */ = {isa = PBXFileReference; fileEncoding = 4; lastKnownFileType = sourcecode.c.h; path = PAHomeViewController.h; sourceTree = "<group>"; };
		770D3654191E2C580000B949 /* PAHomeViewController.m */ = {isa = PBXFileReference; fileEncoding = 4; lastKnownFileType = sourcecode.c.objc; path = PAHomeViewController.m; sourceTree = "<group>"; };
		770D3656191E2CB90000B949 /* PAProfileViewController.h */ = {isa = PBXFileReference; fileEncoding = 4; lastKnownFileType = sourcecode.c.h; path = PAProfileViewController.h; sourceTree = "<group>"; };
		770D3657191E2CB90000B949 /* PAProfileViewController.m */ = {isa = PBXFileReference; fileEncoding = 4; lastKnownFileType = sourcecode.c.objc; path = PAProfileViewController.m; sourceTree = "<group>"; };
		770D3659191E2DCF0000B949 /* PASettingsViewController.h */ = {isa = PBXFileReference; fileEncoding = 4; lastKnownFileType = sourcecode.c.h; path = PASettingsViewController.h; sourceTree = "<group>"; };
		770D365A191E2DCF0000B949 /* PASettingsViewController.m */ = {isa = PBXFileReference; fileEncoding = 4; lastKnownFileType = sourcecode.c.objc; path = PASettingsViewController.m; sourceTree = "<group>"; };
		770D365C191E2DE10000B949 /* PACheckInViewController.h */ = {isa = PBXFileReference; fileEncoding = 4; lastKnownFileType = sourcecode.c.h; path = PACheckInViewController.h; sourceTree = "<group>"; };
		770D365D191E2DE10000B949 /* PACheckInViewController.m */ = {isa = PBXFileReference; fileEncoding = 4; lastKnownFileType = sourcecode.c.objc; path = PACheckInViewController.m; sourceTree = "<group>"; };
		770D3660191E30860000B949 /* PAMenuHeaderView.h */ = {isa = PBXFileReference; fileEncoding = 4; lastKnownFileType = sourcecode.c.h; path = PAMenuHeaderView.h; sourceTree = "<group>"; };
		770D3661191E30860000B949 /* PAMenuHeaderView.m */ = {isa = PBXFileReference; fileEncoding = 4; lastKnownFileType = sourcecode.c.objc; path = PAMenuHeaderView.m; sourceTree = "<group>"; };
		775AB6D419994322002BC1DD /* QuartzCore.framework */ = {isa = PBXFileReference; lastKnownFileType = wrapper.framework; name = QuartzCore.framework; path = System/Library/Frameworks/QuartzCore.framework; sourceTree = SDKROOT; };
		775AB6D61999432B002BC1DD /* CoreLocation.framework */ = {isa = PBXFileReference; lastKnownFileType = wrapper.framework; name = CoreLocation.framework; path = System/Library/Frameworks/CoreLocation.framework; sourceTree = SDKROOT; };
		77972D5C19993875005E43A0 /* PAProfileCell.h */ = {isa = PBXFileReference; fileEncoding = 4; lastKnownFileType = sourcecode.c.h; path = PAProfileCell.h; sourceTree = "<group>"; };
		77972D5D19993875005E43A0 /* PAProfileCell.m */ = {isa = PBXFileReference; fileEncoding = 4; lastKnownFileType = sourcecode.c.objc; path = PAProfileCell.m; sourceTree = "<group>"; };
		77972D5F199939CD005E43A0 /* PAMapViewViewController.h */ = {isa = PBXFileReference; fileEncoding = 4; lastKnownFileType = sourcecode.c.h; path = PAMapViewViewController.h; sourceTree = "<group>"; };
		77972D60199939CD005E43A0 /* PAMapViewViewController.m */ = {isa = PBXFileReference; fileEncoding = 4; lastKnownFileType = sourcecode.c.objc; path = PAMapViewViewController.m; sourceTree = "<group>"; };
		77D36587191EBFB9006B07F3 /* Strings.h */ = {isa = PBXFileReference; fileEncoding = 4; lastKnownFileType = sourcecode.c.h; path = Strings.h; sourceTree = "<group>"; };
		77D3658B191EC300006B07F3 /* PAMenuItem.h */ = {isa = PBXFileReference; fileEncoding = 4; lastKnownFileType = sourcecode.c.h; path = PAMenuItem.h; sourceTree = "<group>"; };
		77D3658C191EC300006B07F3 /* PAMenuItem.m */ = {isa = PBXFileReference; fileEncoding = 4; lastKnownFileType = sourcecode.c.objc; path = PAMenuItem.m; sourceTree = "<group>"; };
		77D3658F191EC4C5006B07F3 /* avenir_medium.ttf */ = {isa = PBXFileReference; lastKnownFileType = file; path = avenir_medium.ttf; sourceTree = "<group>"; };
		77D36590191EC4C5006B07F3 /* menuItems.json */ = {isa = PBXFileReference; fileEncoding = 4; lastKnownFileType = text.json; path = menuItems.json; sourceTree = "<group>"; };
		77D36594191EC58F006B07F3 /* PAMenuItemTableViewCell.h */ = {isa = PBXFileReference; fileEncoding = 4; lastKnownFileType = sourcecode.c.h; path = PAMenuItemTableViewCell.h; sourceTree = "<group>"; };
		77D36595191EC58F006B07F3 /* PAMenuItemTableViewCell.m */ = {isa = PBXFileReference; fileEncoding = 4; lastKnownFileType = sourcecode.c.objc; path = PAMenuItemTableViewCell.m; sourceTree = "<group>"; };
		77D36597191EDD7D006B07F3 /* PALogInViewViewController.h */ = {isa = PBXFileReference; fileEncoding = 4; lastKnownFileType = sourcecode.c.h; path = PALogInViewViewController.h; sourceTree = "<group>"; };
		77D36598191EDD7D006B07F3 /* PALogInViewViewController.m */ = {isa = PBXFileReference; fileEncoding = 4; lastKnownFileType = sourcecode.c.objc; path = PALogInViewViewController.m; sourceTree = "<group>"; };
		77D3659B191EE1FB006B07F3 /* PAFacebookManager.h */ = {isa = PBXFileReference; fileEncoding = 4; lastKnownFileType = sourcecode.c.h; name = PAFacebookManager.h; path = ../Model/PAFacebookManager.h; sourceTree = "<group>"; };
		77D3659C191EE1FB006B07F3 /* PAFacebookManager.m */ = {isa = PBXFileReference; fileEncoding = 4; lastKnownFileType = sourcecode.c.objc; name = PAFacebookManager.m; path = ../Model/PAFacebookManager.m; sourceTree = "<group>"; };
		77D365A0191EF1AC006B07F3 /* PAServiceProvider.h */ = {isa = PBXFileReference; fileEncoding = 4; lastKnownFileType = sourcecode.c.h; path = PAServiceProvider.h; sourceTree = "<group>"; };
		77D365A1191EF1AC006B07F3 /* PAServiceProvider.m */ = {isa = PBXFileReference; fileEncoding = 4; lastKnownFileType = sourcecode.c.objc; path = PAServiceProvider.m; sourceTree = "<group>"; };
		77D7458D1998186300F4A488 /* MapKit.framework */ = {isa = PBXFileReference; lastKnownFileType = wrapper.framework; name = MapKit.framework; path = System/Library/Frameworks/MapKit.framework; sourceTree = SDKROOT; };
		77D7459019983C8A00F4A488 /* Model.xcdatamodel */ = {isa = PBXFileReference; lastKnownFileType = wrapper.xcdatamodel; path = Model.xcdatamodel; sourceTree = "<group>"; };
		77D745921998468300F4A488 /* SavedCheckIns.h */ = {isa = PBXFileReference; fileEncoding = 4; lastKnownFileType = sourcecode.c.h; path = SavedCheckIns.h; sourceTree = "<group>"; };
		77D941FA1997860B005FB909 /* CustomRatingView.h */ = {isa = PBXFileReference; fileEncoding = 4; lastKnownFileType = sourcecode.c.h; path = CustomRatingView.h; sourceTree = "<group>"; };
		77D941FB1997860B005FB909 /* CustomRatingView.m */ = {isa = PBXFileReference; fileEncoding = 4; lastKnownFileType = sourcecode.c.objc; path = CustomRatingView.m; sourceTree = "<group>"; };
		77D941FD1997886E005FB909 /* PAParseManager.h */ = {isa = PBXFileReference; fileEncoding = 4; lastKnownFileType = sourcecode.c.h; path = PAParseManager.h; sourceTree = "<group>"; };
		77D941FE1997886E005FB909 /* PAParseManager.m */ = {isa = PBXFileReference; fileEncoding = 4; lastKnownFileType = sourcecode.c.objc; path = PAParseManager.m; sourceTree = "<group>"; };
		77D9420019979F02005FB909 /* PAPlaceCell.h */ = {isa = PBXFileReference; fileEncoding = 4; lastKnownFileType = sourcecode.c.h; path = PAPlaceCell.h; sourceTree = "<group>"; };
		77D9420119979F02005FB909 /* PAPlaceCell.m */ = {isa = PBXFileReference; fileEncoding = 4; lastKnownFileType = sourcecode.c.objc; path = PAPlaceCell.m; sourceTree = "<group>"; };
		77D942041997B93E005FB909 /* PASinglePlaceViewController.h */ = {isa = PBXFileReference; fileEncoding = 4; lastKnownFileType = sourcecode.c.h; path = PASinglePlaceViewController.h; sourceTree = "<group>"; };
		77D942051997B93E005FB909 /* PASinglePlaceViewController.m */ = {isa = PBXFileReference; fileEncoding = 4; lastKnownFileType = sourcecode.c.objc; path = PASinglePlaceViewController.m; sourceTree = "<group>"; };
		77E147A219B24B41001F8680 /* SavedCheckIns.m */ = {isa = PBXFileReference; fileEncoding = 4; lastKnownFileType = sourcecode.c.objc; path = SavedCheckIns.m; sourceTree = "<group>"; };
		DC3B43AF649C4FD88497A931 /* Pods.xcconfig */ = {isa = PBXFileReference; includeInIndex = 1; lastKnownFileType = text.xcconfig; name = Pods.xcconfig; path = Pods/Pods.xcconfig; sourceTree = "<group>"; };
/* End PBXFileReference section */

/* Begin PBXFrameworksBuildPhase section */
		770D3604191E27D10000B949 /* Frameworks */ = {
			isa = PBXFrameworksBuildPhase;
			buildActionMask = 2147483647;
			files = (
				775AB6D71999432B002BC1DD /* CoreLocation.framework in Frameworks */,
				775AB6D519994322002BC1DD /* QuartzCore.framework in Frameworks */,
				770D360D191E27D10000B949 /* CoreGraphics.framework in Frameworks */,
				770D360F191E27D10000B949 /* UIKit.framework in Frameworks */,
				77D7458E1998186300F4A488 /* MapKit.framework in Frameworks */,
				770D360B191E27D10000B949 /* Foundation.framework in Frameworks */,
				4A312B416C764D5AAB0DD5C3 /* libPods.a in Frameworks */,
			);
			runOnlyForDeploymentPostprocessing = 0;
		};
		770D361F191E27D10000B949 /* Frameworks */ = {
			isa = PBXFrameworksBuildPhase;
			buildActionMask = 2147483647;
			files = (
				770D3624191E27D10000B949 /* XCTest.framework in Frameworks */,
				770D3626191E27D10000B949 /* UIKit.framework in Frameworks */,
				770D3625191E27D10000B949 /* Foundation.framework in Frameworks */,
			);
			runOnlyForDeploymentPostprocessing = 0;
		};
/* End PBXFrameworksBuildPhase section */

/* Begin PBXGroup section */
		770D35FE191E27D10000B949 = {
			isa = PBXGroup;
			children = (
				77D7458F19983C8A00F4A488 /* Model.xcdatamodeld */,
				77E147A219B24B41001F8680 /* SavedCheckIns.m */,
				77D745921998468300F4A488 /* SavedCheckIns.h */,
				770D3610191E27D10000B949 /* PhotoAt */,
				770D3629191E27D10000B949 /* PhotoAtTests */,
				770D3609191E27D10000B949 /* Frameworks */,
				770D3608191E27D10000B949 /* Products */,
				DC3B43AF649C4FD88497A931 /* Pods.xcconfig */,
			);
			sourceTree = "<group>";
		};
		770D3608191E27D10000B949 /* Products */ = {
			isa = PBXGroup;
			children = (
				770D3607191E27D10000B949 /* PhotoAt.app */,
				770D3622191E27D10000B949 /* PhotoAtTests.xctest */,
			);
			name = Products;
			sourceTree = "<group>";
		};
		770D3609191E27D10000B949 /* Frameworks */ = {
			isa = PBXGroup;
			children = (
				775AB6D61999432B002BC1DD /* CoreLocation.framework */,
				775AB6D419994322002BC1DD /* QuartzCore.framework */,
				77D7458D1998186300F4A488 /* MapKit.framework */,
				770D360A191E27D10000B949 /* Foundation.framework */,
				770D360C191E27D10000B949 /* CoreGraphics.framework */,
				770D360E191E27D10000B949 /* UIKit.framework */,
				770D3623191E27D10000B949 /* XCTest.framework */,
				071F4815E4474C30B23B1E67 /* libPods.a */,
			);
			name = Frameworks;
			sourceTree = "<group>";
		};
		770D3610191E27D10000B949 /* PhotoAt */ = {
			isa = PBXGroup;
			children = (
				770D363B191E28860000B949 /* Controller */,
				770D363C191E28860000B949 /* Misc */,
				770D363D191E28860000B949 /* Model */,
				770D363E191E28860000B949 /* Network */,
				770D363F191E28860000B949 /* View */,
				770D361C191E27D10000B949 /* Images.xcassets */,
				770D3611191E27D10000B949 /* Supporting Files */,
			);
			path = PhotoAt;
			sourceTree = "<group>";
		};
		770D3611191E27D10000B949 /* Supporting Files */ = {
			isa = PBXGroup;
			children = (
				77D3658E191EC4C5006B07F3 /* Resources */,
				770D3619191E27D10000B949 /* PAAppDelegate.h */,
				770D361A191E27D10000B949 /* PAAppDelegate.m */,
				770D3612191E27D10000B949 /* PhotoAt-Info.plist */,
				770D3613191E27D10000B949 /* InfoPlist.strings */,
				770D3616191E27D10000B949 /* main.m */,
				770D3618191E27D10000B949 /* PhotoAt-Prefix.pch */,
			);
			name = "Supporting Files";
			sourceTree = "<group>";
		};
		770D3629191E27D10000B949 /* PhotoAtTests */ = {
			isa = PBXGroup;
			children = (
				770D362F191E27D10000B949 /* PhotoAtTests.m */,
				770D362A191E27D10000B949 /* Supporting Files */,
			);
			path = PhotoAtTests;
			sourceTree = "<group>";
		};
		770D362A191E27D10000B949 /* Supporting Files */ = {
			isa = PBXGroup;
			children = (
				770D362B191E27D10000B949 /* PhotoAtTests-Info.plist */,
				770D362C191E27D10000B949 /* InfoPlist.strings */,
			);
			name = "Supporting Files";
			sourceTree = "<group>";
		};
		770D363B191E28860000B949 /* Controller */ = {
			isa = PBXGroup;
			children = (
				770D3641191E28C80000B949 /* PABaseNavigationViewController.h */,
				770D3642191E28C80000B949 /* PABaseNavigationViewController.m */,
				770D364A191E2A4D0000B949 /* PABaseViewController.h */,
				770D364B191E2A4D0000B949 /* PABaseViewController.m */,
				770D3650191E2BB80000B949 /* PASideMenuContainerViewController.h */,
				770D3651191E2BB80000B949 /* PASideMenuContainerViewController.m */,
				770D3653191E2C580000B949 /* PAHomeViewController.h */,
				770D3654191E2C580000B949 /* PAHomeViewController.m */,
				770D3656191E2CB90000B949 /* PAProfileViewController.h */,
				770D3657191E2CB90000B949 /* PAProfileViewController.m */,
				770D3659191E2DCF0000B949 /* PASettingsViewController.h */,
				770D365C191E2DE10000B949 /* PACheckInViewController.h */,
				770D365A191E2DCF0000B949 /* PASettingsViewController.m */,
				770D365D191E2DE10000B949 /* PACheckInViewController.m */,
				77D36597191EDD7D006B07F3 /* PALogInViewViewController.h */,
				77D36598191EDD7D006B07F3 /* PALogInViewViewController.m */,
				77D942041997B93E005FB909 /* PASinglePlaceViewController.h */,
				77D942051997B93E005FB909 /* PASinglePlaceViewController.m */,
				77972D5F199939CD005E43A0 /* PAMapViewViewController.h */,
				77972D60199939CD005E43A0 /* PAMapViewViewController.m */,
			);
			path = Controller;
			sourceTree = "<group>";
		};
		770D363C191E28860000B949 /* Misc */ = {
			isa = PBXGroup;
			children = (
				77D3659B191EE1FB006B07F3 /* PAFacebookManager.h */,
				77D3659C191EE1FB006B07F3 /* PAFacebookManager.m */,
				770D3644191E292D0000B949 /* Util.h */,
				770D3645191E292D0000B949 /* Util.m */,
				770D3647191E29C00000B949 /* Config.h */,
				770D364D191E2AFB0000B949 /* Constants.h */,
				77D36587191EBFB9006B07F3 /* Strings.h */,
				77D941FD1997886E005FB909 /* PAParseManager.h */,
				77D941FE1997886E005FB909 /* PAParseManager.m */,
			);
			path = Misc;
			sourceTree = "<group>";
		};
		770D363D191E28860000B949 /* Model */ = {
			isa = PBXGroup;
			children = (
				77D3658B191EC300006B07F3 /* PAMenuItem.h */,
				77D3658C191EC300006B07F3 /* PAMenuItem.m */,
			);
			path = Model;
			sourceTree = "<group>";
		};
		770D363E191E28860000B949 /* Network */ = {
			isa = PBXGroup;
			children = (
				77D365A0191EF1AC006B07F3 /* PAServiceProvider.h */,
				77D365A1191EF1AC006B07F3 /* PAServiceProvider.m */,
			);
			path = Network;
			sourceTree = "<group>";
		};
		770D363F191E28860000B949 /* View */ = {
			isa = PBXGroup;
			children = (
				77D941FA1997860B005FB909 /* CustomRatingView.h */,
				77D941FB1997860B005FB909 /* CustomRatingView.m */,
				770D365F191E306B0000B949 /* HeaderView */,
				770D3640191E28860000B949 /* Cell */,
			);
			path = View;
			sourceTree = "<group>";
		};
		770D3640191E28860000B949 /* Cell */ = {
			isa = PBXGroup;
			children = (
				77D36594191EC58F006B07F3 /* PAMenuItemTableViewCell.h */,
				77D36595191EC58F006B07F3 /* PAMenuItemTableViewCell.m */,
				77D9420019979F02005FB909 /* PAPlaceCell.h */,
				77D9420119979F02005FB909 /* PAPlaceCell.m */,
				77972D5C19993875005E43A0 /* PAProfileCell.h */,
				77972D5D19993875005E43A0 /* PAProfileCell.m */,
			);
			path = Cell;
			sourceTree = "<group>";
		};
		770D365F191E306B0000B949 /* HeaderView */ = {
			isa = PBXGroup;
			children = (
				770D3660191E30860000B949 /* PAMenuHeaderView.h */,
				770D3661191E30860000B949 /* PAMenuHeaderView.m */,
			);
			path = HeaderView;
			sourceTree = "<group>";
		};
		77D3658E191EC4C5006B07F3 /* Resources */ = {
			isa = PBXGroup;
			children = (
				77D3658F191EC4C5006B07F3 /* avenir_medium.ttf */,
				77D36590191EC4C5006B07F3 /* menuItems.json */,
			);
			path = Resources;
			sourceTree = "<group>";
		};
/* End PBXGroup section */

/* Begin PBXNativeTarget section */
		770D3606191E27D10000B949 /* PhotoAt */ = {
			isa = PBXNativeTarget;
			buildConfigurationList = 770D3633191E27D10000B949 /* Build configuration list for PBXNativeTarget "PhotoAt" */;
			buildPhases = (
				EABCF2FDCB1B466BB12FF783 /* Check Pods Manifest.lock */,
				770D3603191E27D10000B949 /* Sources */,
				770D3604191E27D10000B949 /* Frameworks */,
				770D3605191E27D10000B949 /* Resources */,
				A5EBDC64B1784788B757A48B /* Copy Pods Resources */,
			);
			buildRules = (
			);
			dependencies = (
			);
			name = PhotoAt;
			productName = PhotoAt;
			productReference = 770D3607191E27D10000B949 /* PhotoAt.app */;
			productType = "com.apple.product-type.application";
		};
		770D3621191E27D10000B949 /* PhotoAtTests */ = {
			isa = PBXNativeTarget;
			buildConfigurationList = 770D3636191E27D10000B949 /* Build configuration list for PBXNativeTarget "PhotoAtTests" */;
			buildPhases = (
				770D361E191E27D10000B949 /* Sources */,
				770D361F191E27D10000B949 /* Frameworks */,
				770D3620191E27D10000B949 /* Resources */,
			);
			buildRules = (
			);
			dependencies = (
				770D3628191E27D10000B949 /* PBXTargetDependency */,
			);
			name = PhotoAtTests;
			productName = PhotoAtTests;
			productReference = 770D3622191E27D10000B949 /* PhotoAtTests.xctest */;
			productType = "com.apple.product-type.bundle.unit-test";
		};
/* End PBXNativeTarget section */

/* Begin PBXProject section */
		770D35FF191E27D10000B949 /* Project object */ = {
			isa = PBXProject;
			attributes = {
				CLASSPREFIX = PA;
				LastUpgradeCheck = 0500;
				ORGANIZATIONNAME = Viktor;
				TargetAttributes = {
					770D3606191E27D10000B949 = {
						DevelopmentTeam = 78SLAU59XT;
						SystemCapabilities = {
							com.apple.iOS = {
								enabled = 1;
							};
						};
					};
					770D3621191E27D10000B949 = {
						TestTargetID = 770D3606191E27D10000B949;
					};
				};
			};
			buildConfigurationList = 770D3602191E27D10000B949 /* Build configuration list for PBXProject "PhotoAt" */;
			compatibilityVersion = "Xcode 3.2";
			developmentRegion = English;
			hasScannedForEncodings = 0;
			knownRegions = (
				en,
			);
			mainGroup = 770D35FE191E27D10000B949;
			productRefGroup = 770D3608191E27D10000B949 /* Products */;
			projectDirPath = "";
			projectRoot = "";
			targets = (
				770D3606191E27D10000B949 /* PhotoAt */,
				770D3621191E27D10000B949 /* PhotoAtTests */,
			);
		};
/* End PBXProject section */

/* Begin PBXResourcesBuildPhase section */
		770D3605191E27D10000B949 /* Resources */ = {
			isa = PBXResourcesBuildPhase;
			buildActionMask = 2147483647;
			files = (
				770D3615191E27D10000B949 /* InfoPlist.strings in Resources */,
				77D36592191EC4C5006B07F3 /* menuItems.json in Resources */,
				770D361D191E27D10000B949 /* Images.xcassets in Resources */,
				77D36591191EC4C5006B07F3 /* avenir_medium.ttf in Resources */,
			);
			runOnlyForDeploymentPostprocessing = 0;
		};
		770D3620191E27D10000B949 /* Resources */ = {
			isa = PBXResourcesBuildPhase;
			buildActionMask = 2147483647;
			files = (
				770D362E191E27D10000B949 /* InfoPlist.strings in Resources */,
			);
			runOnlyForDeploymentPostprocessing = 0;
		};
/* End PBXResourcesBuildPhase section */

/* Begin PBXShellScriptBuildPhase section */
		A5EBDC64B1784788B757A48B /* Copy Pods Resources */ = {
			isa = PBXShellScriptBuildPhase;
			buildActionMask = 2147483647;
			files = (
			);
			inputPaths = (
			);
			name = "Copy Pods Resources";
			outputPaths = (
			);
			runOnlyForDeploymentPostprocessing = 0;
			shellPath = /bin/sh;
			shellScript = "\"${SRCROOT}/Pods/Pods-resources.sh\"\n";
			showEnvVarsInLog = 0;
		};
		EABCF2FDCB1B466BB12FF783 /* Check Pods Manifest.lock */ = {
			isa = PBXShellScriptBuildPhase;
			buildActionMask = 2147483647;
			files = (
			);
			inputPaths = (
			);
			name = "Check Pods Manifest.lock";
			outputPaths = (
			);
			runOnlyForDeploymentPostprocessing = 0;
			shellPath = /bin/sh;
			shellScript = "diff \"${PODS_ROOT}/../Podfile.lock\" \"${PODS_ROOT}/Manifest.lock\" > /dev/null\nif [[ $? != 0 ]] ; then\n    cat << EOM\nerror: The sandbox is not in sync with the Podfile.lock. Run 'pod install' or update your CocoaPods installation.\nEOM\n    exit 1\nfi\n";
			showEnvVarsInLog = 0;
		};
/* End PBXShellScriptBuildPhase section */

/* Begin PBXSourcesBuildPhase section */
		770D3603191E27D10000B949 /* Sources */ = {
			isa = PBXSourcesBuildPhase;
			buildActionMask = 2147483647;
			files = (
				77D36596191EC58F006B07F3 /* PAMenuItemTableViewCell.m in Sources */,
				77D941FC1997860B005FB909 /* CustomRatingView.m in Sources */,
				770D3617191E27D10000B949 /* main.m in Sources */,
				77D9420219979F02005FB909 /* PAPlaceCell.m in Sources */,
				770D3643191E28C80000B949 /* PABaseNavigationViewController.m in Sources */,
				77972D61199939CD005E43A0 /* PAMapViewViewController.m in Sources */,
				770D365B191E2DCF0000B949 /* PASettingsViewController.m in Sources */,
				77D3659D191EE1FB006B07F3 /* PAFacebookManager.m in Sources */,
				770D364C191E2A4D0000B949 /* PABaseViewController.m in Sources */,
				77D3658D191EC300006B07F3 /* PAMenuItem.m in Sources */,
				77D36599191EDD7D006B07F3 /* PALogInViewViewController.m in Sources */,
				770D361B191E27D10000B949 /* PAAppDelegate.m in Sources */,
				77972D5E19993875005E43A0 /* PAProfileCell.m in Sources */,
				77E147A319B24B41001F8680 /* SavedCheckIns.m in Sources */,
				77D942061997B93E005FB909 /* PASinglePlaceViewController.m in Sources */,
				77D941FF1997886E005FB909 /* PAParseManager.m in Sources */,
				770D3646191E292D0000B949 /* Util.m in Sources */,
				770D3658191E2CB90000B949 /* PAProfileViewController.m in Sources */,
				77D365A2191EF1AC006B07F3 /* PAServiceProvider.m in Sources */,
				770D365E191E2DE10000B949 /* PACheckInViewController.m in Sources */,
				77D7459119983C8A00F4A488 /* Model.xcdatamodeld in Sources */,
				770D3652191E2BB80000B949 /* PASideMenuContainerViewController.m in Sources */,
				770D3662191E30860000B949 /* PAMenuHeaderView.m in Sources */,
				770D3655191E2C580000B949 /* PAHomeViewController.m in Sources */,
			);
			runOnlyForDeploymentPostprocessing = 0;
		};
		770D361E191E27D10000B949 /* Sources */ = {
			isa = PBXSourcesBuildPhase;
			buildActionMask = 2147483647;
			files = (
				770D3630191E27D10000B949 /* PhotoAtTests.m in Sources */,
			);
			runOnlyForDeploymentPostprocessing = 0;
		};
/* End PBXSourcesBuildPhase section */

/* Begin PBXTargetDependency section */
		770D3628191E27D10000B949 /* PBXTargetDependency */ = {
			isa = PBXTargetDependency;
			target = 770D3606191E27D10000B949 /* PhotoAt */;
			targetProxy = 770D3627191E27D10000B949 /* PBXContainerItemProxy */;
		};
/* End PBXTargetDependency section */

/* Begin PBXVariantGroup section */
		770D3613191E27D10000B949 /* InfoPlist.strings */ = {
			isa = PBXVariantGroup;
			children = (
				770D3614191E27D10000B949 /* en */,
			);
			name = InfoPlist.strings;
			sourceTree = "<group>";
		};
		770D362C191E27D10000B949 /* InfoPlist.strings */ = {
			isa = PBXVariantGroup;
			children = (
				770D362D191E27D10000B949 /* en */,
			);
			name = InfoPlist.strings;
			sourceTree = "<group>";
		};
/* End PBXVariantGroup section */

/* Begin XCBuildConfiguration section */
		770D3631191E27D10000B949 /* Debug */ = {
			isa = XCBuildConfiguration;
			buildSettings = {
				ALWAYS_SEARCH_USER_PATHS = NO;
				ARCHS = "$(ARCHS_STANDARD_INCLUDING_64_BIT)";
				CLANG_CXX_LANGUAGE_STANDARD = "gnu++0x";
				CLANG_CXX_LIBRARY = "libc++";
				CLANG_ENABLE_MODULES = YES;
				CLANG_ENABLE_OBJC_ARC = YES;
				CLANG_WARN_BOOL_CONVERSION = YES;
				CLANG_WARN_CONSTANT_CONVERSION = YES;
				CLANG_WARN_DIRECT_OBJC_ISA_USAGE = YES_ERROR;
				CLANG_WARN_EMPTY_BODY = YES;
				CLANG_WARN_ENUM_CONVERSION = YES;
				CLANG_WARN_INT_CONVERSION = YES;
				CLANG_WARN_OBJC_ROOT_CLASS = YES_ERROR;
				CLANG_WARN__DUPLICATE_METHOD_MATCH = YES;
				"CODE_SIGN_IDENTITY[sdk=iphoneos*]" = "iPhone Developer";
				COPY_PHASE_STRIP = NO;
				GCC_C_LANGUAGE_STANDARD = gnu99;
				GCC_DYNAMIC_NO_PIC = NO;
				GCC_OPTIMIZATION_LEVEL = 0;
				GCC_PREPROCESSOR_DEFINITIONS = (
					"DEBUG=1",
					"$(inherited)",
				);
				GCC_SYMBOLS_PRIVATE_EXTERN = NO;
				GCC_WARN_64_TO_32_BIT_CONVERSION = YES;
				GCC_WARN_ABOUT_RETURN_TYPE = YES_ERROR;
				GCC_WARN_UNDECLARED_SELECTOR = YES;
				GCC_WARN_UNINITIALIZED_AUTOS = YES;
				GCC_WARN_UNUSED_FUNCTION = YES;
				GCC_WARN_UNUSED_VARIABLE = YES;
				IPHONEOS_DEPLOYMENT_TARGET = 7.0;
				ONLY_ACTIVE_ARCH = YES;
				SDKROOT = iphoneos;
				TARGETED_DEVICE_FAMILY = "1,2";
			};
			name = Debug;
		};
		770D3632191E27D10000B949 /* Release */ = {
			isa = XCBuildConfiguration;
			buildSettings = {
				ALWAYS_SEARCH_USER_PATHS = NO;
				ARCHS = "$(ARCHS_STANDARD_INCLUDING_64_BIT)";
				CLANG_CXX_LANGUAGE_STANDARD = "gnu++0x";
				CLANG_CXX_LIBRARY = "libc++";
				CLANG_ENABLE_MODULES = YES;
				CLANG_ENABLE_OBJC_ARC = YES;
				CLANG_WARN_BOOL_CONVERSION = YES;
				CLANG_WARN_CONSTANT_CONVERSION = YES;
				CLANG_WARN_DIRECT_OBJC_ISA_USAGE = YES_ERROR;
				CLANG_WARN_EMPTY_BODY = YES;
				CLANG_WARN_ENUM_CONVERSION = YES;
				CLANG_WARN_INT_CONVERSION = YES;
				CLANG_WARN_OBJC_ROOT_CLASS = YES_ERROR;
				CLANG_WARN__DUPLICATE_METHOD_MATCH = YES;
				"CODE_SIGN_IDENTITY[sdk=iphoneos*]" = "iPhone Developer";
				COPY_PHASE_STRIP = YES;
				ENABLE_NS_ASSERTIONS = NO;
				GCC_C_LANGUAGE_STANDARD = gnu99;
				GCC_WARN_64_TO_32_BIT_CONVERSION = YES;
				GCC_WARN_ABOUT_RETURN_TYPE = YES_ERROR;
				GCC_WARN_UNDECLARED_SELECTOR = YES;
				GCC_WARN_UNINITIALIZED_AUTOS = YES;
				GCC_WARN_UNUSED_FUNCTION = YES;
				GCC_WARN_UNUSED_VARIABLE = YES;
				IPHONEOS_DEPLOYMENT_TARGET = 7.0;
				SDKROOT = iphoneos;
				TARGETED_DEVICE_FAMILY = "1,2";
				VALIDATE_PRODUCT = YES;
			};
			name = Release;
		};
		770D3634191E27D10000B949 /* Debug */ = {
			isa = XCBuildConfiguration;
			baseConfigurationReference = DC3B43AF649C4FD88497A931 /* Pods.xcconfig */;
			buildSettings = {
				ASSETCATALOG_COMPILER_APPICON_NAME = AppIcon;
				ASSETCATALOG_COMPILER_LAUNCHIMAGE_NAME = LaunchImage;
				CODE_SIGN_IDENTITY = "iPhone Developer";
				GCC_PRECOMPILE_PREFIX_HEADER = YES;
				GCC_PREFIX_HEADER = "PhotoAt/PhotoAt-Prefix.pch";
				INFOPLIST_FILE = "PhotoAt/PhotoAt-Info.plist";
				IPHONEOS_DEPLOYMENT_TARGET = 6.0;
				PRODUCT_NAME = "$(TARGET_NAME)";
				TARGETED_DEVICE_FAMILY = "1,2";
				WRAPPER_EXTENSION = app;
			};
			name = Debug;
		};
		770D3635191E27D10000B949 /* Release */ = {
			isa = XCBuildConfiguration;
			baseConfigurationReference = DC3B43AF649C4FD88497A931 /* Pods.xcconfig */;
			buildSettings = {
				ASSETCATALOG_COMPILER_APPICON_NAME = AppIcon;
				ASSETCATALOG_COMPILER_LAUNCHIMAGE_NAME = LaunchImage;
				CODE_SIGN_IDENTITY = "iPhone Developer";
				GCC_PRECOMPILE_PREFIX_HEADER = YES;
				GCC_PREFIX_HEADER = "PhotoAt/PhotoAt-Prefix.pch";
				INFOPLIST_FILE = "PhotoAt/PhotoAt-Info.plist";
				IPHONEOS_DEPLOYMENT_TARGET = 6.0;
				PRODUCT_NAME = "$(TARGET_NAME)";
				TARGETED_DEVICE_FAMILY = "1,2";
				WRAPPER_EXTENSION = app;
			};
			name = Release;
		};
		770D3637191E27D10000B949 /* Debug */ = {
			isa = XCBuildConfiguration;
			buildSettings = {
				ARCHS = "$(ARCHS_STANDARD_INCLUDING_64_BIT)";
				BUNDLE_LOADER = "$(BUILT_PRODUCTS_DIR)/PhotoAt.app/PhotoAt";
				FRAMEWORK_SEARCH_PATHS = (
					"$(SDKROOT)/Developer/Library/Frameworks",
					"$(inherited)",
					"$(DEVELOPER_FRAMEWORKS_DIR)",
				);
				GCC_PRECOMPILE_PREFIX_HEADER = YES;
				GCC_PREFIX_HEADER = "PhotoAt/PhotoAt-Prefix.pch";
				GCC_PREPROCESSOR_DEFINITIONS = (
					"DEBUG=1",
					"$(inherited)",
				);
				INFOPLIST_FILE = "PhotoAtTests/PhotoAtTests-Info.plist";
				PRODUCT_NAME = "$(TARGET_NAME)";
				TEST_HOST = "$(BUNDLE_LOADER)";
				WRAPPER_EXTENSION = xctest;
			};
			name = Debug;
		};
		770D3638191E27D10000B949 /* Release */ = {
			isa = XCBuildConfiguration;
			buildSettings = {
				ARCHS = "$(ARCHS_STANDARD_INCLUDING_64_BIT)";
				BUNDLE_LOADER = "$(BUILT_PRODUCTS_DIR)/PhotoAt.app/PhotoAt";
				FRAMEWORK_SEARCH_PATHS = (
					"$(SDKROOT)/Developer/Library/Frameworks",
					"$(inherited)",
					"$(DEVELOPER_FRAMEWORKS_DIR)",
				);
				GCC_PRECOMPILE_PREFIX_HEADER = YES;
				GCC_PREFIX_HEADER = "PhotoAt/PhotoAt-Prefix.pch";
				INFOPLIST_FILE = "PhotoAtTests/PhotoAtTests-Info.plist";
				PRODUCT_NAME = "$(TARGET_NAME)";
				TEST_HOST = "$(BUNDLE_LOADER)";
				WRAPPER_EXTENSION = xctest;
			};
			name = Release;
		};
/* End XCBuildConfiguration section */

/* Begin XCConfigurationList section */
		770D3602191E27D10000B949 /* Build configuration list for PBXProject "PhotoAt" */ = {
			isa = XCConfigurationList;
			buildConfigurations = (
				770D3631191E27D10000B949 /* Debug */,
				770D3632191E27D10000B949 /* Release */,
			);
			defaultConfigurationIsVisible = 0;
			defaultConfigurationName = Release;
		};
		770D3633191E27D10000B949 /* Build configuration list for PBXNativeTarget "PhotoAt" */ = {
			isa = XCConfigurationList;
			buildConfigurations = (
				770D3634191E27D10000B949 /* Debug */,
				770D3635191E27D10000B949 /* Release */,
			);
			defaultConfigurationIsVisible = 0;
			defaultConfigurationName = Release;
		};
		770D3636191E27D10000B949 /* Build configuration list for PBXNativeTarget "PhotoAtTests" */ = {
			isa = XCConfigurationList;
			buildConfigurations = (
				770D3637191E27D10000B949 /* Debug */,
				770D3638191E27D10000B949 /* Release */,
			);
			defaultConfigurationIsVisible = 0;
			defaultConfigurationName = Release;
		};
/* End XCConfigurationList section */

/* Begin XCVersionGroup section */
		77D7458F19983C8A00F4A488 /* Model.xcdatamodeld */ = {
			isa = XCVersionGroup;
			children = (
				77D7459019983C8A00F4A488 /* Model.xcdatamodel */,
			);
			currentVersion = 77D7459019983C8A00F4A488 /* Model.xcdatamodel */;
			path = Model.xcdatamodeld;
			sourceTree = "<group>";
			versionGroupType = wrapper.xcdatamodel;
		};
/* End XCVersionGroup section */
	};
	rootObject = 770D35FF191E27D10000B949 /* Project object */;
}
